
Microsoft Visual Studio Solution File, Format Version 12.00
# Visual Studio Version 16
VisualStudioVersion = 16.0.29911.84
MinimumVisualStudioVersion = 10.0.40219.1
Project("{FAE04EC0-301F-11D3-BF4B-00C04F79EFBC}") = "ProductApp", "ProductApp.csproj", "{016F162D-7FF4-4D23-A810-F6F8DB69C8AC}"
EndProject
Global
	GlobalSection(SolutionConfigurationPlatforms) = preSolution
		Debug|Any CPU = Debug|Any CPU
		Release|Any CPU = Release|Any CPU
	EndGlobalSection
	GlobalSection(ProjectConfigurationPlatforms) = postSolution
		{016F162D-7FF4-4D23-A810-F6F8DB69C8AC}.Debug|Any CPU.ActiveCfg = Debug|Any CPU
		{016F162D-7FF4-4D23-A810-F6F8DB69C8AC}.Debug|Any CPU.Build.0 = Debug|Any CPU
		{016F162D-7FF4-4D23-A810-F6F8DB69C8AC}.Release|Any CPU.ActiveCfg = Release|Any CPU
		{016F162D-7FF4-4D23-A810-F6F8DB69C8AC}.Release|Any CPU.Build.0 = Release|Any CPU
	EndGlobalSection
	GlobalSection(SolutionProperties) = preSolution
		HideSolutionNode = FALSE
	EndGlobalSection
	GlobalSection(ExtensibilityGlobals) = postSolution
		SolutionGuid = {26DE489B-B71B-44F8-B3BA-5C136DFFCE24}
	EndGlobalSection
EndGlobal
